
Microsoft Visual Studio Solution File, Format Version 12.00
# Visual Studio 15
VisualStudioVersion = 15.0.27703.2035
MinimumVisualStudioVersion = 10.0.40219.1
Project("{FAE04EC0-301F-11D3-BF4B-00C04F79EFBC}") = "CircuitView", "CircuitView\CircuitView.csproj", "{1E964F69-68A1-4A40-9ECB-94754EEDFF0F}"
EndProject
Project("{FAE04EC0-301F-11D3-BF4B-00C04F79EFBC}") = "CircuitModel", "CircuitModel\CircuitModel.csproj", "{DD8B055B-2C0F-41AA-9B77-4DA5F5F3384C}"
EndProject
Global
	GlobalSection(SolutionConfigurationPlatforms) = preSolution
		Debug|Any CPU = Debug|Any CPU
		Debug|ARM = Debug|ARM
		Debug|x64 = Debug|x64
		Debug|x86 = Debug|x86
		Release|Any CPU = Release|Any CPU
		Release|ARM = Release|ARM
		Release|x64 = Release|x64
		Release|x86 = Release|x86
	EndGlobalSection
	GlobalSection(ProjectConfigurationPlatforms) = postSolution
		{1E964F69-68A1-4A40-9ECB-94754EEDFF0F}.Debug|Any CPU.ActiveCfg = Debug|Any CPU
		{1E964F69-68A1-4A40-9ECB-94754EEDFF0F}.Debug|Any CPU.Build.0 = Debug|Any CPU
		{1E964F69-68A1-4A40-9ECB-94754EEDFF0F}.Debug|ARM.ActiveCfg = Debug|Any CPU
		{1E964F69-68A1-4A40-9ECB-94754EEDFF0F}.Debug|ARM.Build.0 = Debug|Any CPU
		{1E964F69-68A1-4A40-9ECB-94754EEDFF0F}.Debug|x64.ActiveCfg = Debug|Any CPU
		{1E964F69-68A1-4A40-9ECB-94754EEDFF0F}.Debug|x64.Build.0 = Debug|Any CPU
		{1E964F69-68A1-4A40-9ECB-94754EEDFF0F}.Debug|x86.ActiveCfg = Debug|Any CPU
		{1E964F69-68A1-4A40-9ECB-94754EEDFF0F}.Debug|x86.Build.0 = Debug|Any CPU
		{1E964F69-68A1-4A40-9ECB-94754EEDFF0F}.Release|Any CPU.ActiveCfg = Release|Any CPU
		{1E964F69-68A1-4A40-9ECB-94754EEDFF0F}.Release|Any CPU.Build.0 = Release|Any CPU
		{1E964F69-68A1-4A40-9ECB-94754EEDFF0F}.Release|ARM.ActiveCfg = Release|Any CPU
		{1E964F69-68A1-4A40-9ECB-94754EEDFF0F}.Release|ARM.Build.0 = Release|Any CPU
		{1E964F69-68A1-4A40-9ECB-94754EEDFF0F}.Release|x64.ActiveCfg = Release|Any CPU
		{1E964F69-68A1-4A40-9ECB-94754EEDFF0F}.Release|x64.Build.0 = Release|Any CPU
		{1E964F69-68A1-4A40-9ECB-94754EEDFF0F}.Release|x86.ActiveCfg = Release|Any CPU
		{1E964F69-68A1-4A40-9ECB-94754EEDFF0F}.Release|x86.Build.0 = Release|Any CPU
		{DD8B055B-2C0F-41AA-9B77-4DA5F5F3384C}.Debug|Any CPU.ActiveCfg = Debug|Any CPU
		{DD8B055B-2C0F-41AA-9B77-4DA5F5F3384C}.Debug|Any CPU.Build.0 = Debug|Any CPU
		{DD8B055B-2C0F-41AA-9B77-4DA5F5F3384C}.Debug|ARM.ActiveCfg = Debug|Any CPU
		{DD8B055B-2C0F-41AA-9B77-4DA5F5F3384C}.Debug|ARM.Build.0 = Debug|Any CPU
		{DD8B055B-2C0F-41AA-9B77-4DA5F5F3384C}.Debug|x64.ActiveCfg = Debug|Any CPU
		{DD8B055B-2C0F-41AA-9B77-4DA5F5F3384C}.Debug|x64.Build.0 = Debug|Any CPU
		{DD8B055B-2C0F-41AA-9B77-4DA5F5F3384C}.Debug|x86.ActiveCfg = Debug|Any CPU
		{DD8B055B-2C0F-41AA-9B77-4DA5F5F3384C}.Debug|x86.Build.0 = Debug|Any CPU
		{DD8B055B-2C0F-41AA-9B77-4DA5F5F3384C}.Release|Any CPU.ActiveCfg = Release|Any CPU
		{DD8B055B-2C0F-41AA-9B77-4DA5F5F3384C}.Release|Any CPU.Build.0 = Release|Any CPU
		{DD8B055B-2C0F-41AA-9B77-4DA5F5F3384C}.Release|ARM.ActiveCfg = Release|Any CPU
		{DD8B055B-2C0F-41AA-9B77-4DA5F5F3384C}.Release|ARM.Build.0 = Release|Any CPU
		{DD8B055B-2C0F-41AA-9B77-4DA5F5F3384C}.Release|x64.ActiveCfg = Release|Any CPU
		{DD8B055B-2C0F-41AA-9B77-4DA5F5F3384C}.Release|x64.Build.0 = Release|Any CPU
		{DD8B055B-2C0F-41AA-9B77-4DA5F5F3384C}.Release|x86.ActiveCfg = Release|Any CPU
		{DD8B055B-2C0F-41AA-9B77-4DA5F5F3384C}.Release|x86.Build.0 = Release|Any CPU
	EndGlobalSection
	GlobalSection(SolutionProperties) = preSolution
		HideSolutionNode = FALSE
	EndGlobalSection
	GlobalSection(ExtensibilityGlobals) = postSolution
		SolutionGuid = {3523F5B2-C221-492F-A1D9-27C457B2C898}
	EndGlobalSection
EndGlobal
