
Microsoft Visual Studio Solution File, Format Version 12.00
# Visual Studio 15
VisualStudioVersion = 15.0.27130.2027
MinimumVisualStudioVersion = 10.0.40219.1
Project("{FAE04EC0-301F-11D3-BF4B-00C04F79EFBC}") = "CircuitView", "MainForm\CircuitView.csproj", "{BAE7E8DD-7CBD-44D1-ABAB-623EBD52EFF9}"
EndProject
Project("{FAE04EC0-301F-11D3-BF4B-00C04F79EFBC}") = "CircuitLibrary", "CircuitLibrary\CircuitLibrary.csproj", "{8D7C81DF-977D-46DB-8F28-1BE9DBB9EC00}"
EndProject
Global
	GlobalSection(SolutionConfigurationPlatforms) = preSolution
		Debug|Any CPU = Debug|Any CPU
		Release|Any CPU = Release|Any CPU
	EndGlobalSection
	GlobalSection(ProjectConfigurationPlatforms) = postSolution
		{BAE7E8DD-7CBD-44D1-ABAB-623EBD52EFF9}.Debug|Any CPU.ActiveCfg = Debug|Any CPU
		{BAE7E8DD-7CBD-44D1-ABAB-623EBD52EFF9}.Debug|Any CPU.Build.0 = Debug|Any CPU
		{BAE7E8DD-7CBD-44D1-ABAB-623EBD52EFF9}.Release|Any CPU.ActiveCfg = Release|Any CPU
		{BAE7E8DD-7CBD-44D1-ABAB-623EBD52EFF9}.Release|Any CPU.Build.0 = Release|Any CPU
		{8D7C81DF-977D-46DB-8F28-1BE9DBB9EC00}.Debug|Any CPU.ActiveCfg = Debug|Any CPU
		{8D7C81DF-977D-46DB-8F28-1BE9DBB9EC00}.Debug|Any CPU.Build.0 = Debug|Any CPU
		{8D7C81DF-977D-46DB-8F28-1BE9DBB9EC00}.Release|Any CPU.ActiveCfg = Release|Any CPU
		{8D7C81DF-977D-46DB-8F28-1BE9DBB9EC00}.Release|Any CPU.Build.0 = Release|Any CPU
	EndGlobalSection
	GlobalSection(SolutionProperties) = preSolution
		HideSolutionNode = FALSE
	EndGlobalSection
	GlobalSection(ExtensibilityGlobals) = postSolution
		SolutionGuid = {F8AF051B-C8E0-4412-8E6A-50EAF269C2F5}
	EndGlobalSection
EndGlobal
